<?xml version="1.0" encoding="utf-8"?>
<Project ToolsVersion="4.0" xmlns="http://schemas.microsoft.com/developer/msbuild/2003">
  <ItemGroup>
    <ClCompile Include="Benchmark.cpp" />
    <ClCompile Include="..\stdafx.cpp" />
    <ClCompile Include="..\helpers\MemoryHelper.cpp">
      <Filter>helpers</Filter>
    </ClCompile>
  </ItemGroup>
  <ItemGroup>
    <ClInclude Include="..\stdafx.h" />
    <ClInclude Include="..\helpers\MemoryHelper.h">
      <Filter>helpers</Filter>
    </ClInclude>
  </ItemGroup>
  <ItemGroup>
    <Filter Include="helpers">
      <UniqueIdentifier>{8c70f87a-7d86-4826-bfa1-7a4c4ec5efec}</UniqueIdentifier>
    </Filter>
  </ItemGroup>
  <ItemGroup>
    <None Include="..\EqualizerAPO.licenseheader" />
  </ItemGroup>
</Project>