
Microsoft Visual Studio Solution File, Format Version 12.00
# Visual Studio Version 17
VisualStudioVersion = 17.9.34902.65
MinimumVisualStudioVersion = 10.0.40219.1
Project("{8BC9CEB8-8B4A-11D0-8D11-00A0C91BC942}") = "Benchmark", "Benchmark\Benchmark.vcxproj", "{D4474852-5724-4253-95C6-7A6DC424F194}"
	ProjectSection(ProjectDependencies) = postProject
		{6758B50E-B9F0-4389-A61D-A842F0545E1B} = {6758B50E-B9F0-4389-A61D-A842F0545E1B}
	EndProjectSection
EndProject
Project("{8BC9CEB8-8B4A-11D0-8D11-00A0C91BC942}") = "VoicemeeterClient", "VoicemeeterClient\VoicemeeterClient.vcxproj", "{10F1DD37-EA50-46C2-810D-D01A1A0D4D2F}"
	ProjectSection(ProjectDependencies) = postProject
		{6758B50E-B9F0-4389-A61D-A842F0545E1B} = {6758B50E-B9F0-4389-A61D-A842F0545E1B}
	EndProjectSection
EndProject
Project("{8BC9CEB8-8B4A-11D0-8D11-00A0C91BC942}") = "Common", "Common.vcxproj", "{6758B50E-B9F0-4389-A61D-A842F0545E1B}"
EndProject
Project("{8BC9CEB8-8B4A-11D0-8D11-00A0C91BC942}") = "EqualizerAPO", "EqualizerAPO\EqualizerAPO.vcxproj", "{5AF4EE2B-CC80-4AE5-A786-86FACC0CC649}"
	ProjectSection(ProjectDependencies) = postProject
		{6758B50E-B9F0-4389-A61D-A842F0545E1B} = {6758B50E-B9F0-4389-A61D-A842F0545E1B}
	EndProjectSection
EndProject
Project("{8BC9CEB8-8B4A-11D0-8D11-00A0C91BC942}") = "DeviceSelector", "DeviceSelector\DeviceSelector.vcxproj", "{64223EB6-2BD3-4142-97A7-81B622899A67}"
	ProjectSection(ProjectDependencies) = postProject
		{6758B50E-B9F0-4389-A61D-A842F0545E1B} = {6758B50E-B9F0-4389-A61D-A842F0545E1B}
	EndProjectSection
EndProject
Global
	GlobalSection(SolutionConfigurationPlatforms) = preSolution
		Debug|ARM64 = Debug|ARM64
		Debug|Win32 = Debug|Win32
		Debug|x64 = Debug|x64
		Release|ARM64 = Release|ARM64
		Release|Win32 = Release|Win32
		Release|x64 = Release|x64
	EndGlobalSection
	GlobalSection(ProjectConfigurationPlatforms) = postSolution
		{D4474852-5724-4253-95C6-7A6DC424F194}.Debug|ARM64.ActiveCfg = Debug|ARM64
		{D4474852-5724-4253-95C6-7A6DC424F194}.Debug|ARM64.Build.0 = Debug|ARM64
		{D4474852-5724-4253-95C6-7A6DC424F194}.Debug|Win32.ActiveCfg = Debug|Win32
		{D4474852-5724-4253-95C6-7A6DC424F194}.Debug|Win32.Build.0 = Debug|Win32
		{D4474852-5724-4253-95C6-7A6DC424F194}.Debug|x64.ActiveCfg = Debug|x64
		{D4474852-5724-4253-95C6-7A6DC424F194}.Debug|x64.Build.0 = Debug|x64
		{D4474852-5724-4253-95C6-7A6DC424F194}.Release|ARM64.ActiveCfg = Release|ARM64
		{D4474852-5724-4253-95C6-7A6DC424F194}.Release|ARM64.Build.0 = Release|ARM64
		{D4474852-5724-4253-95C6-7A6DC424F194}.Release|Win32.ActiveCfg = Release|Win32
		{D4474852-5724-4253-95C6-7A6DC424F194}.Release|Win32.Build.0 = Release|Win32
		{D4474852-5724-4253-95C6-7A6DC424F194}.Release|x64.ActiveCfg = Release|x64
		{D4474852-5724-4253-95C6-7A6DC424F194}.Release|x64.Build.0 = Release|x64
		{10F1DD37-EA50-46C2-810D-D01A1A0D4D2F}.Debug|ARM64.ActiveCfg = Debug|ARM64
		{10F1DD37-EA50-46C2-810D-D01A1A0D4D2F}.Debug|ARM64.Build.0 = Debug|ARM64
		{10F1DD37-EA50-46C2-810D-D01A1A0D4D2F}.Debug|Win32.ActiveCfg = Debug|Win32
		{10F1DD37-EA50-46C2-810D-D01A1A0D4D2F}.Debug|Win32.Build.0 = Debug|Win32
		{10F1DD37-EA50-46C2-810D-D01A1A0D4D2F}.Debug|x64.ActiveCfg = Debug|x64
		{10F1DD37-EA50-46C2-810D-D01A1A0D4D2F}.Debug|x64.Build.0 = Debug|x64
		{10F1DD37-EA50-46C2-810D-D01A1A0D4D2F}.Release|ARM64.ActiveCfg = Release|ARM64
		{10F1DD37-EA50-46C2-810D-D01A1A0D4D2F}.Release|ARM64.Build.0 = Release|ARM64
		{10F1DD37-EA50-46C2-810D-D01A1A0D4D2F}.Release|Win32.ActiveCfg = Release|Win32
		{10F1DD37-EA50-46C2-810D-D01A1A0D4D2F}.Release|Win32.Build.0 = Release|Win32
		{10F1DD37-EA50-46C2-810D-D01A1A0D4D2F}.Release|x64.ActiveCfg = Release|x64
		{10F1DD37-EA50-46C2-810D-D01A1A0D4D2F}.Release|x64.Build.0 = Release|x64
		{6758B50E-B9F0-4389-A61D-A842F0545E1B}.Debug|ARM64.ActiveCfg = Debug|ARM64
		{6758B50E-B9F0-4389-A61D-A842F0545E1B}.Debug|ARM64.Build.0 = Debug|ARM64
		{6758B50E-B9F0-4389-A61D-A842F0545E1B}.Debug|Win32.ActiveCfg = Debug|Win32
		{6758B50E-B9F0-4389-A61D-A842F0545E1B}.Debug|Win32.Build.0 = Debug|Win32
		{6758B50E-B9F0-4389-A61D-A842F0545E1B}.Debug|x64.ActiveCfg = Debug|x64
		{6758B50E-B9F0-4389-A61D-A842F0545E1B}.Debug|x64.Build.0 = Debug|x64
		{6758B50E-B9F0-4389-A61D-A842F0545E1B}.Release|ARM64.ActiveCfg = Release|ARM64
		{6758B50E-B9F0-4389-A61D-A842F0545E1B}.Release|ARM64.Build.0 = Release|ARM64
		{6758B50E-B9F0-4389-A61D-A842F0545E1B}.Release|Win32.ActiveCfg = Release|Win32
		{6758B50E-B9F0-4389-A61D-A842F0545E1B}.Release|Win32.Build.0 = Release|Win32
		{6758B50E-B9F0-4389-A61D-A842F0545E1B}.Release|x64.ActiveCfg = Release|x64
		{6758B50E-B9F0-4389-A61D-A842F0545E1B}.Release|x64.Build.0 = Release|x64
		{5AF4EE2B-CC80-4AE5-A786-86FACC0CC649}.Debug|ARM64.ActiveCfg = Debug|ARM64
		{5AF4EE2B-CC80-4AE5-A786-86FACC0CC649}.Debug|ARM64.Build.0 = Debug|ARM64
		{5AF4EE2B-CC80-4AE5-A786-86FACC0CC649}.Debug|Win32.ActiveCfg = Debug|Win32
		{5AF4EE2B-CC80-4AE5-A786-86FACC0CC649}.Debug|Win32.Build.0 = Debug|Win32
		{5AF4EE2B-CC80-4AE5-A786-86FACC0CC649}.Debug|x64.ActiveCfg = Debug|x64
		{5AF4EE2B-CC80-4AE5-A786-86FACC0CC649}.Debug|x64.Build.0 = Debug|x64
		{5AF4EE2B-CC80-4AE5-A786-86FACC0CC649}.Release|ARM64.ActiveCfg = Release|ARM64
		{5AF4EE2B-CC80-4AE5-A786-86FACC0CC649}.Release|ARM64.Build.0 = Release|ARM64
		{5AF4EE2B-CC80-4AE5-A786-86FACC0CC649}.Release|Win32.ActiveCfg = Release|Win32
		{5AF4EE2B-CC80-4AE5-A786-86FACC0CC649}.Release|Win32.Build.0 = Release|Win32
		{5AF4EE2B-CC80-4AE5-A786-86FACC0CC649}.Release|x64.ActiveCfg = Release|x64
		{5AF4EE2B-CC80-4AE5-A786-86FACC0CC649}.Release|x64.Build.0 = Release|x64
		{64223EB6-2BD3-4142-97A7-81B622899A67}.Debug|ARM64.ActiveCfg = Debug|ARM64
		{64223EB6-2BD3-4142-97A7-81B622899A67}.Debug|ARM64.Build.0 = Debug|ARM64
		{64223EB6-2BD3-4142-97A7-81B622899A67}.Debug|Win32.ActiveCfg = Debug|Win32
		{64223EB6-2BD3-4142-97A7-81B622899A67}.Debug|Win32.Build.0 = Debug|Win32
		{64223EB6-2BD3-4142-97A7-81B622899A67}.Debug|x64.ActiveCfg = Debug|x64
		{64223EB6-2BD3-4142-97A7-81B622899A67}.Debug|x64.Build.0 = Debug|x64
		{64223EB6-2BD3-4142-97A7-81B622899A67}.Release|ARM64.ActiveCfg = Release|ARM64
		{64223EB6-2BD3-4142-97A7-81B622899A67}.Release|ARM64.Build.0 = Release|ARM64
		{64223EB6-2BD3-4142-97A7-81B622899A67}.Release|Win32.ActiveCfg = Release|Win32
		{64223EB6-2BD3-4142-97A7-81B622899A67}.Release|Win32.Build.0 = Release|Win32
		{64223EB6-2BD3-4142-97A7-81B622899A67}.Release|x64.ActiveCfg = Release|x64
		{64223EB6-2BD3-4142-97A7-81B622899A67}.Release|x64.Build.0 = Release|x64
	EndGlobalSection
	GlobalSection(SolutionProperties) = preSolution
		HideSolutionNode = FALSE
	EndGlobalSection
	GlobalSection(ExtensibilityGlobals) = postSolution
		SolutionGuid = {A9CA67E0-38B4-4A2B-88F5-D3001A4CC663}
	EndGlobalSection
EndGlobal
