<?xml version="1.0" encoding="utf-8"?>
<Project ToolsVersion="4.0" xmlns="http://schemas.microsoft.com/developer/msbuild/2003">
  <ItemGroup>
    <ClCompile Include="ClassFactory.cpp" />
    <ClCompile Include="DeviceAPOInfo.cpp" />
    <ClCompile Include="DllMain.cpp" />
    <ClCompile Include="EqualizerAPO.cpp" />
    <ClCompile Include="FilterEngine.cpp" />
    <ClCompile Include="FilterConfiguration.cpp" />
    <ClCompile Include="IFilter.cpp" />
    <ClCompile Include="parser\RegexFunctions.cpp">
      <Filter>parser</Filter>
    </ClCompile>
    <ClCompile Include="parser\RegistryFunctions.cpp">
      <Filter>parser</Filter>
    </ClCompile>
    <ClCompile Include="filters\BiQuad.cpp">
      <Filter>filters</Filter>
    </ClCompile>
    <ClCompile Include="filters\BiQuadFilter.cpp">
      <Filter>filters</Filter>
    </ClCompile>
    <ClCompile Include="filters\BiQuadFilterFactory.cpp">
      <Filter>filters</Filter>
    </ClCompile>
    <ClCompile Include="filters\ChannelFilter.cpp">
      <Filter>filters</Filter>
    </ClCompile>
    <ClCompile Include="filters\ChannelFilterFactory.cpp">
      <Filter>filters</Filter>
    </ClCompile>
    <ClCompile Include="filters\CopyFilter.cpp">
      <Filter>filters</Filter>
    </ClCompile>
    <ClCompile Include="filters\CopyFilterFactory.cpp">
      <Filter>filters</Filter>
    </ClCompile>
    <ClCompile Include="filters\DelayFilter.cpp">
      <Filter>filters</Filter>
    </ClCompile>
    <ClCompile Include="filters\DelayFilterFactory.cpp">
      <Filter>filters</Filter>
    </ClCompile>
    <ClCompile Include="filters\DeviceFilterFactory.cpp">
      <Filter>filters</Filter>
    </ClCompile>
    <ClCompile Include="filters\ExpressionFilterFactory.cpp">
      <Filter>filters</Filter>
    </ClCompile>
    <ClCompile Include="filters\IncludeFilterFactory.cpp">
      <Filter>filters</Filter>
    </ClCompile>
    <ClCompile Include="filters\PreampFilter.cpp">
      <Filter>filters</Filter>
    </ClCompile>
    <ClCompile Include="filters\PreampFilterFactory.cpp">
      <Filter>filters</Filter>
    </ClCompile>
    <ClCompile Include="filters\StageFilterFactory.cpp">
      <Filter>filters</Filter>
    </ClCompile>
    <ClCompile Include="helpers\LogHelper.cpp">
      <Filter>helpers</Filter>
    </ClCompile>
    <ClCompile Include="helpers\MemoryHelper.cpp">
      <Filter>helpers</Filter>
    </ClCompile>
    <ClCompile Include="helpers\RegistryHelper.cpp">
      <Filter>helpers</Filter>
    </ClCompile>
    <ClCompile Include="helpers\StringHelper.cpp">
      <Filter>helpers</Filter>
    </ClCompile>
    <ClCompile Include="filters\IfFilterFactory.cpp">
      <Filter>filters</Filter>
    </ClCompile>
    <ClCompile Include="filters\IIRFilterFactory.cpp">
      <Filter>filters</Filter>
    </ClCompile>
    <ClCompile Include="filters\IIRFilter.cpp">
      <Filter>filters</Filter>
    </ClCompile>
    <ClCompile Include="parser\StringOperators.cpp">
      <Filter>parser</Filter>
    </ClCompile>
    <ClCompile Include="helpers\ChannelHelper.cpp">
      <Filter>helpers</Filter>
    </ClCompile>
    <ClCompile Include="filters\GraphicEQFilter.cpp">
      <Filter>filters</Filter>
    </ClCompile>
    <ClCompile Include="filters\GraphicEQFilterFactory.cpp">
      <Filter>filters</Filter>
    </ClCompile>
    <ClCompile Include="helpers\GainIterator.cpp">
      <Filter>helpers</Filter>
    </ClCompile>
    <ClCompile Include="libHybridConv-0.1.1\libHybridConv_eapo.cpp">
      <Filter>libHybridConv-0.1.1</Filter>
    </ClCompile>
    <ClCompile Include="filters\ConvolutionFilter.cpp">
      <Filter>filters</Filter>
    </ClCompile>
    <ClCompile Include="filters\ConvolutionFilterFactory.cpp">
      <Filter>filters</Filter>
    </ClCompile>
    <ClCompile Include="stdafx.cpp" />
    <ClCompile Include="AbstractAPOInfo.cpp" />
    <ClCompile Include="VoicemeeterAPOInfo.cpp" />
  </ItemGroup>
  <ItemGroup>
    <ClInclude Include="ClassFactory.h" />
    <ClInclude Include="DeviceAPOInfo.h" />
    <ClInclude Include="EqualizerAPO.h" />
    <ClInclude Include="FilterEngine.h" />
    <ClInclude Include="IFilter.h" />
    <ClInclude Include="IFilterFactory.h" />
    <ClInclude Include="resource.h" />
    <ClInclude Include="version.h" />
    <ClInclude Include="FilterConfiguration.h" />
    <ClInclude Include="parser\RegexFunctions.h">
      <Filter>parser</Filter>
    </ClInclude>
    <ClInclude Include="parser\RegistryFunctions.h">
      <Filter>parser</Filter>
    </ClInclude>
    <ClInclude Include="filters\BiQuad.h">
      <Filter>filters</Filter>
    </ClInclude>
    <ClInclude Include="filters\BiQuadFilter.h">
      <Filter>filters</Filter>
    </ClInclude>
    <ClInclude Include="filters\BiQuadFilterFactory.h">
      <Filter>filters</Filter>
    </ClInclude>
    <ClInclude Include="filters\ChannelFilter.h">
      <Filter>filters</Filter>
    </ClInclude>
    <ClInclude Include="filters\ChannelFilterFactory.h">
      <Filter>filters</Filter>
    </ClInclude>
    <ClInclude Include="filters\CopyFilter.h">
      <Filter>filters</Filter>
    </ClInclude>
    <ClInclude Include="filters\CopyFilterFactory.h">
      <Filter>filters</Filter>
    </ClInclude>
    <ClInclude Include="filters\DelayFilter.h">
      <Filter>filters</Filter>
    </ClInclude>
    <ClInclude Include="filters\DelayFilterFactory.h">
      <Filter>filters</Filter>
    </ClInclude>
    <ClInclude Include="filters\DeviceFilterFactory.h">
      <Filter>filters</Filter>
    </ClInclude>
    <ClInclude Include="filters\ExpressionFilterFactory.h">
      <Filter>filters</Filter>
    </ClInclude>
    <ClInclude Include="filters\IncludeFilterFactory.h">
      <Filter>filters</Filter>
    </ClInclude>
    <ClInclude Include="filters\PreampFilter.h">
      <Filter>filters</Filter>
    </ClInclude>
    <ClInclude Include="filters\PreampFilterFactory.h">
      <Filter>filters</Filter>
    </ClInclude>
    <ClInclude Include="filters\StageFilterFactory.h">
      <Filter>filters</Filter>
    </ClInclude>
    <ClInclude Include="helpers\LogHelper.h">
      <Filter>helpers</Filter>
    </ClInclude>
    <ClInclude Include="helpers\MemoryHelper.h">
      <Filter>helpers</Filter>
    </ClInclude>
    <ClInclude Include="helpers\PrecisionTimer.h">
      <Filter>helpers</Filter>
    </ClInclude>
    <ClInclude Include="helpers\RegistryHelper.h">
      <Filter>helpers</Filter>
    </ClInclude>
    <ClInclude Include="helpers\StringHelper.h">
      <Filter>helpers</Filter>
    </ClInclude>
    <ClInclude Include="filters\IfFilterFactory.h">
      <Filter>filters</Filter>
    </ClInclude>
    <ClInclude Include="filters\IIRFilterFactory.h">
      <Filter>filters</Filter>
    </ClInclude>
    <ClInclude Include="filters\IIRFilter.h">
      <Filter>filters</Filter>
    </ClInclude>
    <ClInclude Include="parser\StringOperators.h">
      <Filter>parser</Filter>
    </ClInclude>
    <ClInclude Include="helpers\ChannelHelper.h">
      <Filter>helpers</Filter>
    </ClInclude>
    <ClInclude Include="filters\GraphicEQFilterFactory.h">
      <Filter>filters</Filter>
    </ClInclude>
    <ClInclude Include="filters\GraphicEQFilter.h">
      <Filter>filters</Filter>
    </ClInclude>
    <ClInclude Include="helpers\GainIterator.h">
      <Filter>helpers</Filter>
    </ClInclude>
    <ClInclude Include="libHybridConv-0.1.1\libHybridConv_eapo.h">
      <Filter>libHybridConv-0.1.1</Filter>
    </ClInclude>
    <ClInclude Include="filters\ConvolutionFilter.h">
      <Filter>filters</Filter>
    </ClInclude>
    <ClInclude Include="filters\ConvolutionFilterFactory.h">
      <Filter>filters</Filter>
    </ClInclude>
    <ClInclude Include="stdafx.h" />
    <ClInclude Include="AbstractAPOInfo.h" />
    <ClInclude Include="helpers\ScopeGuard.h">
      <Filter>helpers</Filter>
    </ClInclude>
    <ClInclude Include="helpers\UncaughtExceptions.h">
      <Filter>helpers</Filter>
    </ClInclude>
    <ClInclude Include="VoicemeeterAPOInfo.h" />
  </ItemGroup>
  <ItemGroup>
    <ResourceCompile Include="EqualizerAPO.rc" />
    <ResourceCompile Include="EqualizerAPO64.rc" />
  </ItemGroup>
  <ItemGroup>
    <None Include="EqualizerAPO.def" />
  </ItemGroup>
  <ItemGroup>
    <Filter Include="filters">
      <UniqueIdentifier>{d8adcbe6-a53a-44e1-93fd-272b6e8983fb}</UniqueIdentifier>
    </Filter>
    <Filter Include="helpers">
      <UniqueIdentifier>{792503e3-923f-4123-808f-5acbf7da01fe}</UniqueIdentifier>
    </Filter>
    <Filter Include="parser">
      <UniqueIdentifier>{df98049b-1ada-41ad-a5ab-0a175600a767}</UniqueIdentifier>
    </Filter>
    <Filter Include="libHybridConv-0.1.1">
      <UniqueIdentifier>{f4e10c18-382a-4262-9d1b-308f65c34af3}</UniqueIdentifier>
    </Filter>
  </ItemGroup>
</Project>