<?xml version="1.0" encoding="utf-8"?>
<Project ToolsVersion="4.0" xmlns="http://schemas.microsoft.com/developer/msbuild/2003">
  <ItemGroup>
    <Filter Include="Resource Files">
      <UniqueIdentifier>{67DA6AB6-F800-4c08-8B7A-83BB121AAD01}</UniqueIdentifier>
      <Extensions>qrc;rc;ico;cur;bmp;dlg;rc2;rct;bin;rgs;gif;jpg;jpeg;jpe;resx;tiff;tif;png;wav;mfcribbon-ms</Extensions>
    </Filter>
    <Filter Include="Form Files">
      <UniqueIdentifier>{99349809-55BA-4b9d-BF79-8FDBB0286EB3}</UniqueIdentifier>
      <Extensions>ui</Extensions>
    </Filter>
    <Filter Include="Translation Files">
      <UniqueIdentifier>{639EADAA-A684-42e4-A9AD-28FC9BCB8F7C}</UniqueIdentifier>
      <Extensions>ts</Extensions>
    </Filter>
    <Filter Include="helpers">
      <UniqueIdentifier>{e9ecfee9-6e2d-47f7-8149-c8731e9f2ad0}</UniqueIdentifier>
    </Filter>
  </ItemGroup>
  <ItemGroup>
    <QtRcc Include="DeviceSelector.qrc">
      <Filter>Resource Files</Filter>
    </QtRcc>
    <QtUic Include="DeviceSelector.ui">
      <Filter>Form Files</Filter>
    </QtUic>
  </ItemGroup>
  <ItemGroup>
    <ClCompile Include="DeviceSelector.cpp" />
    <ClCompile Include="stdafx.cpp" />
    <ClCompile Include="main.cpp" />
    <ClCompile Include="..\helpers\ServiceHelper.cpp">
      <Filter>helpers</Filter>
    </ClCompile>
    <ClCompile Include="DeviceTestDialog.cpp" />
    <ClCompile Include="OpacityIconEngine.cpp" />
    <ClCompile Include="DeviceTestThread.cpp" />
    <ClCompile Include="ReceiveThread.cpp" />
  </ItemGroup>
  <ItemGroup>
    <QtMoc Include="DeviceSelector.h" />
    <QtMoc Include="DeviceTestDialog.h" />
    <QtMoc Include="DeviceTestThread.h" />
  </ItemGroup>
  <ItemGroup>
    <ClInclude Include="stdafx.h" />
    <ClInclude Include="..\helpers\ServiceHelper.h">
      <Filter>helpers</Filter>
    </ClInclude>
    <ClInclude Include="OpacityIconEngine.h" />
    <ClInclude Include="ReceiveThread.h" />
    <ClInclude Include="resource.h" />
  </ItemGroup>
  <ItemGroup>
    <ResourceCompile Include="DeviceSelector.rc">
      <Filter>Resource Files</Filter>
    </ResourceCompile>
  </ItemGroup>
  <ItemGroup>
    <QtTranslation Include="translations\DeviceSelector_de.ts">
      <Filter>Translation Files</Filter>
    </QtTranslation>
    <QtTranslation Include="translations\DeviceSelector_en.ts">
      <Filter>Translation Files</Filter>
    </QtTranslation>
  </ItemGroup>
  <ItemGroup>
    <QtUic Include="DeviceTestDialog.ui">
      <Filter>Form Files</Filter>
    </QtUic>
  </ItemGroup>
  <ItemGroup>
    <Image Include="icons\preferences-system.ico">
      <Filter>Resource Files</Filter>
    </Image>
  </ItemGroup>
</Project>